
Microsoft Visual Studio Solution File, Format Version 12.00
# Visual Studio 2017
Project("{FAE04EC0-301F-11D3-BF4B-00C04F79EFBC}") = "MemoryGame", "MemoryGame.csproj", "{6903CA9E-F958-EBB9-E207-CFBEDB75DC96}"
EndProject
Project("{FAE04EC0-301F-11D3-BF4B-00C04F79EFBC}") = "MemoryGame.Editor", "MemoryGame.Editor.csproj", "{15FA88AC-BD7E-DCDD-3CF4-8B0D9AD3646E}"
EndProject
Global
	GlobalSection(SolutionConfigurationPlatforms) = preSolution
		Debug|Any CPU = Debug|Any CPU
		Release|Any CPU = Release|Any CPU
	EndGlobalSection
	GlobalSection(ProjectConfigurationPlatforms) = postSolution
		{6903CA9E-F958-EBB9-E207-CFBEDB75DC96}.Debug|Any CPU.ActiveCfg = Debug|Any CPU
		{6903CA9E-F958-EBB9-E207-CFBEDB75DC96}.Debug|Any CPU.Build.0 = Debug|Any CPU
		{6903CA9E-F958-EBB9-E207-CFBEDB75DC96}.Release|Any CPU.ActiveCfg = Release|Any CPU
		{6903CA9E-F958-EBB9-E207-CFBEDB75DC96}.Release|Any CPU.Build.0 = Release|Any CPU
		{15FA88AC-BD7E-DCDD-3CF4-8B0D9AD3646E}.Debug|Any CPU.ActiveCfg = Debug|Any CPU
		{15FA88AC-BD7E-DCDD-3CF4-8B0D9AD3646E}.Debug|Any CPU.Build.0 = Debug|Any CPU
		{15FA88AC-BD7E-DCDD-3CF4-8B0D9AD3646E}.Release|Any CPU.ActiveCfg = Release|Any CPU
		{15FA88AC-BD7E-DCDD-3CF4-8B0D9AD3646E}.Release|Any CPU.Build.0 = Release|Any CPU
	EndGlobalSection
	GlobalSection(SolutionProperties) = preSolution
		HideSolutionNode = FALSE
	EndGlobalSection
EndGlobal
